// !$*UTF8*$!
{
	archiveVersion = 1;
	classes = {
	};
	objectVersion = 56;
	objects = {

/* Begin PBXBuildFile section */
		1B2201EA2936588100A66E91 /* SecondViewController.swift in Sources */ = {isa = PBXBuildFile; fileRef = 1B2201E92936588100A66E91 /* SecondViewController.swift */; };
		1B22022D293A6D7600A66E91 /* NextSecondViewController.swift in Sources */ = {isa = PBXBuildFile; fileRef = 1B22022C293A6D7600A66E91 /* NextSecondViewController.swift */; };
		1BA388AA290EB9C50011589E /* AppDelegate.swift in Sources */ = {isa = PBXBuildFile; fileRef = 1BA388A9290EB9C50011589E /* AppDelegate.swift */; };
		1BA388AC290EB9C50011589E /* SceneDelegate.swift in Sources */ = {isa = PBXBuildFile; fileRef = 1BA388AB290EB9C50011589E /* SceneDelegate.swift */; };
		1BA388AE290EB9C50011589E /* ViewController.swift in Sources */ = {isa = PBXBuildFile; fileRef = 1BA388AD290EB9C50011589E /* ViewController.swift */; };
		1BA388B1290EB9C50011589E /* Main.storyboard in Resources */ = {isa = PBXBuildFile; fileRef = 1BA388AF290EB9C50011589E /* Main.storyboard */; };
		1BA388B3290EB9CE0011589E /* Assets.xcassets in Resources */ = {isa = PBXBuildFile; fileRef = 1BA388B2290EB9CE0011589E /* Assets.xcassets */; };
		1BA388B6290EB9CE0011589E /* LaunchScreen.storyboard in Resources */ = {isa = PBXBuildFile; fileRef = 1BA388B4290EB9CE0011589E /* LaunchScreen.storyboard */; };
		757F9FDD2A1AC49500869F01 /* LastViewController.swift in Sources */ = {isa = PBXBuildFile; fileRef = 757F9FDC2A1AC49500869F01 /* LastViewController.swift */; };
/* End PBXBuildFile section */

/* Begin PBXFileReference section */
		1B2201E92936588100A66E91 /* SecondViewController.swift */ = {isa = PBXFileReference; lastKnownFileType = sourcecode.swift; path = SecondViewController.swift; sourceTree = "<group>"; };
		1B22022C293A6D7600A66E91 /* NextSecondViewController.swift */ = {isa = PBXFileReference; lastKnownFileType = sourcecode.swift; path = NextSecondViewController.swift; sourceTree = "<group>"; };
		1BA388A6290EB9C50011589E /* DepressionApp1.app */ = {isa = PBXFileReference; explicitFileType = wrapper.application; includeInIndex = 0; path = DepressionApp1.app; sourceTree = BUILT_PRODUCTS_DIR; };
		1BA388A9290EB9C50011589E /* AppDelegate.swift */ = {isa = PBXFileReference; lastKnownFileType = sourcecode.swift; path = AppDelegate.swift; sourceTree = "<group>"; };
		1BA388AB290EB9C50011589E /* SceneDelegate.swift */ = {isa = PBXFileReference; lastKnownFileType = sourcecode.swift; path = SceneDelegate.swift; sourceTree = "<group>"; };
		1BA388AD290EB9C50011589E /* ViewController.swift */ = {isa = PBXFileReference; lastKnownFileType = sourcecode.swift; path = ViewController.swift; sourceTree = "<group>"; };
		1BA388B0290EB9C50011589E /* Base */ = {isa = PBXFileReference; lastKnownFileType = file.storyboard; name = Base; path = Base.lproj/Main.storyboard; sourceTree = "<group>"; };
		1BA388B2290EB9CE0011589E /* Assets.xcassets */ = {isa = PBXFileReference; lastKnownFileType = folder.assetcatalog; path = Assets.xcassets; sourceTree = "<group>"; };
		1BA388B5290EB9CE0011589E /* Base */ = {isa = PBXFileReference; lastKnownFileType = file.storyboard; name = Base; path = Base.lproj/LaunchScreen.storyboard; sourceTree = "<group>"; };
		1BA388B7290EB9CE0011589E /* Info.plist */ = {isa = PBXFileReference; lastKnownFileType = text.plist.xml; path = Info.plist; sourceTree = "<group>"; };
		757B38372B669D8900B5027D /* DepressionApp1.entitlements */ = {isa = PBXFileReference; lastKnownFileType = text.plist.entitlements; path = DepressionApp1.entitlements; sourceTree = "<group>"; };
		757F9FDC2A1AC49500869F01 /* LastViewController.swift */ = {isa = PBXFileReference; lastKnownFileType = sourcecode.swift; path = LastViewController.swift; sourceTree = "<group>"; };
/* End PBXFileReference section */

/* Begin PBXFrameworksBuildPhase section */
		1BA388A3290EB9C50011589E /* Frameworks */ = {
			isa = PBXFrameworksBuildPhase;
			buildActionMask = 2147483647;
			files = (
			);
			runOnlyForDeploymentPostprocessing = 0;
		};
/* End PBXFrameworksBuildPhase section */

/* Begin PBXGroup section */
		1BA3889D290EB9C50011589E = {
			isa = PBXGroup;
			children = (
				1BA388A8290EB9C50011589E /* DepressionApp1 */,
				1BA388A7290EB9C50011589E /* Products */,
			);
			sourceTree = "<group>";
		};
		1BA388A7290EB9C50011589E /* Products */ = {
			isa = PBXGroup;
			children = (
				1BA388A6290EB9C50011589E /* DepressionApp1.app */,
			);
			name = Products;
			sourceTree = "<group>";
		};
		1BA388A8290EB9C50011589E /* DepressionApp1 */ = {
			isa = PBXGroup;
			children = (
				757B38372B669D8900B5027D /* DepressionApp1.entitlements */,
				1BA388A9290EB9C50011589E /* AppDelegate.swift */,
				1BA388AB290EB9C50011589E /* SceneDelegate.swift */,
				1BA388AD290EB9C50011589E /* ViewController.swift */,
				1BA388AF290EB9C50011589E /* Main.storyboard */,
				1BA388B2290EB9CE0011589E /* Assets.xcassets */,
				1BA388B4290EB9CE0011589E /* LaunchScreen.storyboard */,
				1BA388B7290EB9CE0011589E /* Info.plist */,
				1B2201E92936588100A66E91 /* SecondViewController.swift */,
				1B22022C293A6D7600A66E91 /* NextSecondViewController.swift */,
				757F9FDC2A1AC49500869F01 /* LastViewController.swift */,
			);
			path = DepressionApp1;
			sourceTree = "<group>";
		};
/* End PBXGroup section */

/* Begin PBXNativeTarget section */
		1BA388A5290EB9C50011589E /* DepressionApp1 */ = {
			isa = PBXNativeTarget;
			buildConfigurationList = 1BA388BA290EB9CE0011589E /* Build configuration list for PBXNativeTarget "DepressionApp1" */;
			buildPhases = (
				1BA388A2290EB9C50011589E /* Sources */,
				1BA388A3290EB9C50011589E /* Frameworks */,
				1BA388A4290EB9C50011589E /* Resources */,
			);
			buildRules = (
			);
			dependencies = (
			);
			name = DepressionApp1;
			packageProductDependencies = (
			);
			productName = DepressionApp1;
			productReference = 1BA388A6290EB9C50011589E /* DepressionApp1.app */;
			productType = "com.apple.product-type.application";
		};
/* End PBXNativeTarget section */

/* Begin PBXProject section */
		1BA3889E290EB9C50011589E /* Project object */ = {
			isa = PBXProject;
			attributes = {
				BuildIndependentTargetsInParallel = 1;
				LastSwiftUpdateCheck = 1400;
				LastUpgradeCheck = 1400;
				TargetAttributes = {
					1BA388A5290EB9C50011589E = {
						CreatedOnToolsVersion = 14.0.1;
					};
				};
			};
			buildConfigurationList = 1BA388A1290EB9C50011589E /* Build configuration list for PBXProject "StarApp" */;
			compatibilityVersion = "Xcode 14.0";
			developmentRegion = en;
			hasScannedForEncodings = 0;
			knownRegions = (
				en,
				Base,
			);
			mainGroup = 1BA3889D290EB9C50011589E;
			packageReferences = (
			);
			productRefGroup = 1BA388A7290EB9C50011589E /* Products */;
			projectDirPath = "";
			projectRoot = "";
			targets = (
				1BA388A5290EB9C50011589E /* DepressionApp1 */,
			);
		};
/* End PBXProject section */

/* Begin PBXResourcesBuildPhase section */
		1BA388A4290EB9C50011589E /* Resources */ = {
			isa = PBXResourcesBuildPhase;
			buildActionMask = 2147483647;
			files = (
				1BA388B6290EB9CE0011589E /* LaunchScreen.storyboard in Resources */,
				1BA388B3290EB9CE0011589E /* Assets.xcassets in Resources */,
				1BA388B1290EB9C50011589E /* Main.storyboard in Resources */,
			);
			runOnlyForDeploymentPostprocessing = 0;
		};
/* End PBXResourcesBuildPhase section */

/* Begin PBXSourcesBuildPhase section */
		1BA388A2290EB9C50011589E /* Sources */ = {
			isa = PBXSourcesBuildPhase;
			buildActionMask = 2147483647;
			files = (
				1B22022D293A6D7600A66E91 /* NextSecondViewController.swift in Sources */,
				1B2201EA2936588100A66E91 /* SecondViewController.swift in Sources */,
				1BA388AE290EB9C50011589E /* ViewController.swift in Sources */,
				1BA388AA290EB9C50011589E /* AppDelegate.swift in Sources */,
				757F9FDD2A1AC49500869F01 /* LastViewController.swift in Sources */,
				1BA388AC290EB9C50011589E /* SceneDelegate.swift in Sources */,
			);
			runOnlyForDeploymentPostprocessing = 0;
		};
/* End PBXSourcesBuildPhase section */

/* Begin PBXVariantGroup section */
		1BA388AF290EB9C50011589E /* Main.storyboard */ = {
			isa = PBXVariantGroup;
			children = (
				1BA388B0290EB9C50011589E /* Base */,
			);
			name = Main.storyboard;
			sourceTree = "<group>";
		};
		1BA388B4290EB9CE0011589E /* LaunchScreen.storyboard */ = {
			isa = PBXVariantGroup;
			children = (
				1BA388B5290EB9CE0011589E /* Base */,
			);
			name = LaunchScreen.storyboard;
			sourceTree = "<group>";
		};
/* End PBXVariantGroup section */

/* Begin XCBuildConfiguration section */
		1BA388B8290EB9CE0011589E /* Debug */ = {
			isa = XCBuildConfiguration;
			buildSettings = {
				ALWAYS_SEARCH_USER_PATHS = NO;
				CLANG_ANALYZER_NONNULL = YES;
				CLANG_ANALYZER_NUMBER_OBJECT_CONVERSION = YES_AGGRESSIVE;
				CLANG_CXX_LANGUAGE_STANDARD = "gnu++20";
				CLANG_ENABLE_MODULES = YES;
				CLANG_ENABLE_OBJC_ARC = YES;
				CLANG_ENABLE_OBJC_WEAK = YES;
				CLANG_WARN_BLOCK_CAPTURE_AUTORELEASING = YES;
				CLANG_WARN_BOOL_CONVERSION = YES;
				CLANG_WARN_COMMA = YES;
				CLANG_WARN_CONSTANT_CONVERSION = YES;
				CLANG_WARN_DEPRECATED_OBJC_IMPLEMENTATIONS = YES;
				CLANG_WARN_DIRECT_OBJC_ISA_USAGE = YES_ERROR;
				CLANG_WARN_DOCUMENTATION_COMMENTS = YES;
				CLANG_WARN_EMPTY_BODY = YES;
				CLANG_WARN_ENUM_CONVERSION = YES;
				CLANG_WARN_INFINITE_RECURSION = YES;
				CLANG_WARN_INT_CONVERSION = YES;
				CLANG_WARN_NON_LITERAL_NULL_CONVERSION = YES;
				CLANG_WARN_OBJC_IMPLICIT_RETAIN_SELF = YES;
				CLANG_WARN_OBJC_LITERAL_CONVERSION = YES;
				CLANG_WARN_OBJC_ROOT_CLASS = YES_ERROR;
				CLANG_WARN_QUOTED_INCLUDE_IN_FRAMEWORK_HEADER = YES;
				CLANG_WARN_RANGE_LOOP_ANALYSIS = YES;
				CLANG_WARN_STRICT_PROTOTYPES = YES;
				CLANG_WARN_SUSPICIOUS_MOVE = YES;
				CLANG_WARN_UNGUARDED_AVAILABILITY = YES_AGGRESSIVE;
				CLANG_WARN_UNREACHABLE_CODE = YES;
				CLANG_WARN__DUPLICATE_METHOD_MATCH = YES;
				COPY_PHASE_STRIP = NO;
				DEBUG_INFORMATION_FORMAT = dwarf;
				ENABLE_STRICT_OBJC_MSGSEND = YES;
				ENABLE_TESTABILITY = YES;
				GCC_C_LANGUAGE_STANDARD = gnu11;
				GCC_DYNAMIC_NO_PIC = NO;
				GCC_NO_COMMON_BLOCKS = YES;
				GCC_OPTIMIZATION_LEVEL = 0;
				GCC_PREPROCESSOR_DEFINITIONS = (
					"DEBUG=1",
					"$(inherited)",
				);
				GCC_WARN_64_TO_32_BIT_CONVERSION = YES;
				GCC_WARN_ABOUT_RETURN_TYPE = YES_ERROR;
				GCC_WARN_UNDECLARED_SELECTOR = YES;
				GCC_WARN_UNINITIALIZED_AUTOS = YES_AGGRESSIVE;
				GCC_WARN_UNUSED_FUNCTION = YES;
				GCC_WARN_UNUSED_VARIABLE = YES;
				IPHONEOS_DEPLOYMENT_TARGET = 16.0;
				MTL_ENABLE_DEBUG_INFO = INCLUDE_SOURCE;
				MTL_FAST_MATH = YES;
				ONLY_ACTIVE_ARCH = YES;
				SDKROOT = iphoneos;
				SWIFT_ACTIVE_COMPILATION_CONDITIONS = DEBUG;
				SWIFT_OPTIMIZATION_LEVEL = "-Onone";
			};
			name = Debug;
		};
		1BA388B9290EB9CE0011589E /* Release */ = {
			isa = XCBuildConfiguration;
			buildSettings = {
				ALWAYS_SEARCH_USER_PATHS = NO;
				CLANG_ANALYZER_NONNULL = YES;
				CLANG_ANALYZER_NUMBER_OBJECT_CONVERSION = YES_AGGRESSIVE;
				CLANG_CXX_LANGUAGE_STANDARD = "gnu++20";
				CLANG_ENABLE_MODULES = YES;
				CLANG_ENABLE_OBJC_ARC = YES;
				CLANG_ENABLE_OBJC_WEAK = YES;
				CLANG_WARN_BLOCK_CAPTURE_AUTORELEASING = YES;
				CLANG_WARN_BOOL_CONVERSION = YES;
				CLANG_WARN_COMMA = YES;
				CLANG_WARN_CONSTANT_CONVERSION = YES;
				CLANG_WARN_DEPRECATED_OBJC_IMPLEMENTATIONS = YES;
				CLANG_WARN_DIRECT_OBJC_ISA_USAGE = YES_ERROR;
				CLANG_WARN_DOCUMENTATION_COMMENTS = YES;
				CLANG_WARN_EMPTY_BODY = YES;
				CLANG_WARN_ENUM_CONVERSION = YES;
				CLANG_WARN_INFINITE_RECURSION = YES;
				CLANG_WARN_INT_CONVERSION = YES;
				CLANG_WARN_NON_LITERAL_NULL_CONVERSION = YES;
				CLANG_WARN_OBJC_IMPLICIT_RETAIN_SELF = YES;
				CLANG_WARN_OBJC_LITERAL_CONVERSION = YES;
				CLANG_WARN_OBJC_ROOT_CLASS = YES_ERROR;
				CLANG_WARN_QUOTED_INCLUDE_IN_FRAMEWORK_HEADER = YES;
				CLANG_WARN_RANGE_LOOP_ANALYSIS = YES;
				CLANG_WARN_STRICT_PROTOTYPES = YES;
				CLANG_WARN_SUSPICIOUS_MOVE = YES;
				CLANG_WARN_UNGUARDED_AVAILABILITY = YES_AGGRESSIVE;
				CLANG_WARN_UNREACHABLE_CODE = YES;
				CLANG_WARN__DUPLICATE_METHOD_MATCH = YES;
				COPY_PHASE_STRIP = NO;
				DEBUG_INFORMATION_FORMAT = "dwarf-with-dsym";
				ENABLE_NS_ASSERTIONS = NO;
				ENABLE_STRICT_OBJC_MSGSEND = YES;
				GCC_C_LANGUAGE_STANDARD = gnu11;
				GCC_NO_COMMON_BLOCKS = YES;
				GCC_WARN_64_TO_32_BIT_CONVERSION = YES;
				GCC_WARN_ABOUT_RETURN_TYPE = YES_ERROR;
				GCC_WARN_UNDECLARED_SELECTOR = YES;
				GCC_WARN_UNINITIALIZED_AUTOS = YES_AGGRESSIVE;
				GCC_WARN_UNUSED_FUNCTION = YES;
				GCC_WARN_UNUSED_VARIABLE = YES;
				IPHONEOS_DEPLOYMENT_TARGET = 16.0;
				MTL_ENABLE_DEBUG_INFO = NO;
				MTL_FAST_MATH = YES;
				SDKROOT = iphoneos;
				SWIFT_COMPILATION_MODE = wholemodule;
				SWIFT_OPTIMIZATION_LEVEL = "-O";
				VALIDATE_PRODUCT = YES;
			};
			name = Release;
		};
		1BA388BB290EB9CE0011589E /* Debug */ = {
			isa = XCBuildConfiguration;
			buildSettings = {
				ASSETCATALOG_COMPILER_APPICON_NAME = AppIcon;
				ASSETCATALOG_COMPILER_GLOBAL_ACCENT_COLOR_NAME = AccentColor;
				CODE_SIGN_ENTITLEMENTS = DepressionApp1/DepressionApp1.entitlements;
				CODE_SIGN_STYLE = Automatic;
				CURRENT_PROJECT_VERSION = 1;
				DEVELOPMENT_TEAM = BJ427D7395;
				GENERATE_INFOPLIST_FILE = YES;
				INFOPLIST_FILE = DepressionApp1/Info.plist;
				INFOPLIST_KEY_CFBundleDisplayName = "Star App";
				INFOPLIST_KEY_NSCameraUsageDescription = "This app wants to take pictures";
				INFOPLIST_KEY_NSPhotoLibraryUsageDescription = "This app uses images";
				INFOPLIST_KEY_UIApplicationSupportsIndirectInputEvents = YES;
				INFOPLIST_KEY_UILaunchStoryboardName = LaunchScreen;
				INFOPLIST_KEY_UIMainStoryboardFile = Main;
				INFOPLIST_KEY_UISupportedInterfaceOrientations_iPad = "UIInterfaceOrientationPortrait UIInterfaceOrientationPortraitUpsideDown UIInterfaceOrientationLandscapeLeft UIInterfaceOrientationLandscapeRight";
				INFOPLIST_KEY_UISupportedInterfaceOrientations_iPhone = "UIInterfaceOrientationPortrait UIInterfaceOrientationLandscapeLeft UIInterfaceOrientationLandscapeRight";
				IPHONEOS_DEPLOYMENT_TARGET = 15.0;
				LD_RUNPATH_SEARCH_PATHS = (
					"$(inherited)",
					"@executable_path/Frameworks",
				);
				MARKETING_VERSION = 1.0;
				PRODUCT_BUNDLE_IDENTIFIER = SwiftUI.Depressionly;
				PRODUCT_NAME = "$(TARGET_NAME)";
				SUPPORTED_PLATFORMS = "iphoneos iphonesimulator";
				SUPPORTS_MACCATALYST = NO;
				SUPPORTS_MAC_DESIGNED_FOR_IPHONE_IPAD = NO;
				SWIFT_EMIT_LOC_STRINGS = YES;
				SWIFT_VERSION = 5.0;
				TARGETED_DEVICE_FAMILY = 1;
			};
			name = Debug;
		};
		1BA388BC290EB9CE0011589E /* Release */ = {
			isa = XCBuildConfiguration;
			buildSettings = {
				ASSETCATALOG_COMPILER_APPICON_NAME = AppIcon;
				ASSETCATALOG_COMPILER_GLOBAL_ACCENT_COLOR_NAME = AccentColor;
				CODE_SIGN_ENTITLEMENTS = DepressionApp1/DepressionApp1.entitlements;
				CODE_SIGN_STYLE = Automatic;
				CURRENT_PROJECT_VERSION = 1;
				DEVELOPMENT_TEAM = BJ427D7395;
				GENERATE_INFOPLIST_FILE = YES;
				INFOPLIST_FILE = DepressionApp1/Info.plist;
				INFOPLIST_KEY_CFBundleDisplayName = "Star App";
				INFOPLIST_KEY_NSCameraUsageDescription = "This app wants to take pictures";
				INFOPLIST_KEY_NSPhotoLibraryUsageDescription = "This app uses images";
				INFOPLIST_KEY_UIApplicationSupportsIndirectInputEvents = YES;
				INFOPLIST_KEY_UILaunchStoryboardName = LaunchScreen;
				INFOPLIST_KEY_UIMainStoryboardFile = Main;
				INFOPLIST_KEY_UISupportedInterfaceOrientations_iPad = "UIInterfaceOrientationPortrait UIInterfaceOrientationPortraitUpsideDown UIInterfaceOrientationLandscapeLeft UIInterfaceOrientationLandscapeRight";
				INFOPLIST_KEY_UISupportedInterfaceOrientations_iPhone = "UIInterfaceOrientationPortrait UIInterfaceOrientationLandscapeLeft UIInterfaceOrientationLandscapeRight";
				IPHONEOS_DEPLOYMENT_TARGET = 15.0;
				LD_RUNPATH_SEARCH_PATHS = (
					"$(inherited)",
					"@executable_path/Frameworks",
				);
				MARKETING_VERSION = 1.0;
				PRODUCT_BUNDLE_IDENTIFIER = SwiftUI.Depressionly;
				PRODUCT_NAME = "$(TARGET_NAME)";
				SUPPORTED_PLATFORMS = "iphoneos iphonesimulator";
				SUPPORTS_MACCATALYST = NO;
				SUPPORTS_MAC_DESIGNED_FOR_IPHONE_IPAD = NO;
				SWIFT_EMIT_LOC_STRINGS = YES;
				SWIFT_OPTIMIZATION_LEVEL = "-O";
				SWIFT_VERSION = 5.0;
				TARGETED_DEVICE_FAMILY = 1;
			};
			name = Release;
		};
/* End XCBuildConfiguration section */

/* Begin XCConfigurationList section */
		1BA388A1290EB9C50011589E /* Build configuration list for PBXProject "StarApp" */ = {
			isa = XCConfigurationList;
			buildConfigurations = (
				1BA388B8290EB9CE0011589E /* Debug */,
				1BA388B9290EB9CE0011589E /* Release */,
			);
			defaultConfigurationIsVisible = 0;
			defaultConfigurationName = Release;
		};
		1BA388BA290EB9CE0011589E /* Build configuration list for PBXNativeTarget "DepressionApp1" */ = {
			isa = XCConfigurationList;
			buildConfigurations = (
				1BA388BB290EB9CE0011589E /* Debug */,
				1BA388BC290EB9CE0011589E /* Release */,
			);
			defaultConfigurationIsVisible = 0;
			defaultConfigurationName = Release;
		};
/* End XCConfigurationList section */
	};
	rootObject = 1BA3889E290EB9C50011589E /* Project object */;
}
